
Microsoft Visual Studio Solution File, Format Version 12.00
# Visual Studio Version 17
VisualStudioVersion = 17.4.33110.190
MinimumVisualStudioVersion = 10.0.40219.1
Project("{FAE04EC0-301F-11D3-BF4B-00C04F79EFBC}") = "SuaSaude", "SuaSaude.csproj", "{AB8A8C33-19F8-4D68-AA89-237B74DF6358}"
EndProject
Project("{FAE04EC0-301F-11D3-BF4B-00C04F79EFBC}") = "SuaSaudeService", "..\SuaSaudeService\SuaSaudeService.csproj", "{6FCAAF97-F117-4CD2-9992-F56AE7608F2C}"
EndProject
Project("{FAE04EC0-301F-11D3-BF4B-00C04F79EFBC}") = "SuaSaudeInfraData", "..\SuaSaudeInfraData\SuaSaudeInfraData.csproj", "{69F8DD6C-490F-4F40-A067-4ADEE4E06411}"
EndProject
Global
	GlobalSection(SolutionConfigurationPlatforms) = preSolution
		Debug|Any CPU = Debug|Any CPU
		Release|Any CPU = Release|Any CPU
	EndGlobalSection
	GlobalSection(ProjectConfigurationPlatforms) = postSolution
		{AB8A8C33-19F8-4D68-AA89-237B74DF6358}.Debug|Any CPU.ActiveCfg = Debug|Any CPU
		{AB8A8C33-19F8-4D68-AA89-237B74DF6358}.Debug|Any CPU.Build.0 = Debug|Any CPU
		{AB8A8C33-19F8-4D68-AA89-237B74DF6358}.Release|Any CPU.ActiveCfg = Release|Any CPU
		{AB8A8C33-19F8-4D68-AA89-237B74DF6358}.Release|Any CPU.Build.0 = Release|Any CPU
		{6FCAAF97-F117-4CD2-9992-F56AE7608F2C}.Debug|Any CPU.ActiveCfg = Debug|Any CPU
		{6FCAAF97-F117-4CD2-9992-F56AE7608F2C}.Debug|Any CPU.Build.0 = Debug|Any CPU
		{6FCAAF97-F117-4CD2-9992-F56AE7608F2C}.Release|Any CPU.ActiveCfg = Release|Any CPU
		{6FCAAF97-F117-4CD2-9992-F56AE7608F2C}.Release|Any CPU.Build.0 = Release|Any CPU
		{69F8DD6C-490F-4F40-A067-4ADEE4E06411}.Debug|Any CPU.ActiveCfg = Debug|Any CPU
		{69F8DD6C-490F-4F40-A067-4ADEE4E06411}.Debug|Any CPU.Build.0 = Debug|Any CPU
		{69F8DD6C-490F-4F40-A067-4ADEE4E06411}.Release|Any CPU.ActiveCfg = Release|Any CPU
		{69F8DD6C-490F-4F40-A067-4ADEE4E06411}.Release|Any CPU.Build.0 = Release|Any CPU
	EndGlobalSection
	GlobalSection(SolutionProperties) = preSolution
		HideSolutionNode = FALSE
	EndGlobalSection
	GlobalSection(ExtensibilityGlobals) = postSolution
		SolutionGuid = {101739AE-A242-458C-8D5E-63A0AD14A1AB}
	EndGlobalSection
EndGlobal
